<?xml version="1.0" encoding="utf-8"?>
<Project ToolsVersion="14.0" xmlns="http://schemas.microsoft.com/developer/msbuild/2003">
  <ItemGroup>
    <Filter Include="Resource Files">
      <UniqueIdentifier>{67DA6AB6-F800-4c08-8B7A-83BB121AAD01}</UniqueIdentifier>
      <Extensions>rc;ico;cur;bmp;dlg;rc2;rct;bin;rgs;gif;jpg;jpeg;jpe;resx;tga;tiff;tif;png;wav;mfcribbon-ms</Extensions>
    </Filter>
  </ItemGroup>
  <ItemGroup>
    <ClCompile Include="dllmain.cpp" />
    <ClCompile Include="Bridge.cpp" />
    <ClCompile Include="pch.cpp" />
    <ClCompile Include="dll_init.cpp" />
    <ClCompile Include="kernel\args.cpp" />
    <ClCompile Include="bionic\tls.cpp" />
    <ClCompile Include="tools\debug.cpp" />
    <ClCompile Include="ProcessHost.cpp" />
    <ClCompile Include="opengl_android.cpp" />
    <ClCompile Include="android_init.cpp" />
    <ClCompile Include="linker.cpp" />
  </ItemGroup>
  <ItemGroup>
    <ClInclude Include="pch.h" />
    <ClInclude Include="targetver.h" />
    <ClInclude Include="dll_init.h" />
    <ClInclude Include="include\bionic\bionic_tls.h" />
    <ClInclude Include="include\kernel_helpers.h" />
    <ClInclude Include="include\tools.h" />
    <ClInclude Include="include\ProcessHost.h" />
    <ClInclude Include="ntdll.h" />
    <ClInclude Include="include\BridgeApiDef.h" />
    <ClInclude Include="include\BridgeApi.h" />
    <ClInclude Include="opengl_android.h" />
    <ClInclude Include="include\android\android_init.h" />
    <ClInclude Include="args.h" />
    <ClInclude Include="windefs.h" />
    <ClInclude Include="linker.h" />
  </ItemGroup>
  <ItemGroup>
    <None Include="Bridge.def" />
  </ItemGroup>
</Project>